
Microsoft Visual Studio Solution File, Format Version 12.00
# Visual Studio Version 17
VisualStudioVersion = 17.9.34728.123
MinimumVisualStudioVersion = 10.0.40219.1
Project("{9A19103F-16F7-4668-BE54-9A1E7A4F7556}") = "ProyectoNomina.Frontend", "ProyectoNomina.Frontend\ProyectoNomina.Frontend.csproj", "{8EE69040-AB32-4A29-B61B-519E8B9DF453}"
EndProject
Project("{9A19103F-16F7-4668-BE54-9A1E7A4F7556}") = "ProyectoNomina.Backend", "ProyectoNomina.Backend\ProyectoNomina.Backend.csproj", "{3006ED1D-EB12-4B99-B02A-DE4C682B4004}"
EndProject
Project("{9A19103F-16F7-4668-BE54-9A1E7A4F7556}") = "ProyectoNomina.Shared", "ProyectoNomina.Shared\ProyectoNomina.Shared.csproj", "{CCA93EB3-4146-4B43-AF3F-08FE7A3DB9A0}"
EndProject
Global
	GlobalSection(SolutionConfigurationPlatforms) = preSolution
		Debug|Any CPU = Debug|Any CPU
		Release|Any CPU = Release|Any CPU
	EndGlobalSection
	GlobalSection(ProjectConfigurationPlatforms) = postSolution
		{8EE69040-AB32-4A29-B61B-519E8B9DF453}.Debug|Any CPU.ActiveCfg = Debug|Any CPU
		{8EE69040-AB32-4A29-B61B-519E8B9DF453}.Debug|Any CPU.Build.0 = Debug|Any CPU
		{8EE69040-AB32-4A29-B61B-519E8B9DF453}.Release|Any CPU.ActiveCfg = Release|Any CPU
		{8EE69040-AB32-4A29-B61B-519E8B9DF453}.Release|Any CPU.Build.0 = Release|Any CPU
		{3006ED1D-EB12-4B99-B02A-DE4C682B4004}.Debug|Any CPU.ActiveCfg = Debug|Any CPU
		{3006ED1D-EB12-4B99-B02A-DE4C682B4004}.Debug|Any CPU.Build.0 = Debug|Any CPU
		{3006ED1D-EB12-4B99-B02A-DE4C682B4004}.Release|Any CPU.ActiveCfg = Release|Any CPU
		{3006ED1D-EB12-4B99-B02A-DE4C682B4004}.Release|Any CPU.Build.0 = Release|Any CPU
		{CCA93EB3-4146-4B43-AF3F-08FE7A3DB9A0}.Debug|Any CPU.ActiveCfg = Debug|Any CPU
		{CCA93EB3-4146-4B43-AF3F-08FE7A3DB9A0}.Debug|Any CPU.Build.0 = Debug|Any CPU
		{CCA93EB3-4146-4B43-AF3F-08FE7A3DB9A0}.Release|Any CPU.ActiveCfg = Release|Any CPU
		{CCA93EB3-4146-4B43-AF3F-08FE7A3DB9A0}.Release|Any CPU.Build.0 = Release|Any CPU
	EndGlobalSection
	GlobalSection(SolutionProperties) = preSolution
		HideSolutionNode = FALSE
	EndGlobalSection
	GlobalSection(ExtensibilityGlobals) = postSolution
		SolutionGuid = {664822A3-B25F-4F24-AEA1-EAC1CBD28815}
	EndGlobalSection
EndGlobal
